// !$*UTF8*$!
{
	archiveVersion = 1;
	classes = {
	};
	objectVersion = 55;
	objects = {

/* Begin PBXBuildFile section */
		0DEB2852280BA849004B71C2 /* AppDelegate.swift in Sources */ = {isa = PBXBuildFile; fileRef = 0DEB2851280BA849004B71C2 /* AppDelegate.swift */; };
		0DEB2854280BA849004B71C2 /* SceneDelegate.swift in Sources */ = {isa = PBXBuildFile; fileRef = 0DEB2853280BA849004B71C2 /* SceneDelegate.swift */; };
		0DEB2856280BA849004B71C2 /* ViewController.swift in Sources */ = {isa = PBXBuildFile; fileRef = 0DEB2855280BA849004B71C2 /* ViewController.swift */; };
		0DEB2859280BA849004B71C2 /* Main.storyboard in Resources */ = {isa = PBXBuildFile; fileRef = 0DEB2857280BA849004B71C2 /* Main.storyboard */; };
		0DEB285B280BA84A004B71C2 /* Assets.xcassets in Resources */ = {isa = PBXBuildFile; fileRef = 0DEB285A280BA84A004B71C2 /* Assets.xcassets */; };
		0DEB285E280BA84A004B71C2 /* LaunchScreen.storyboard in Resources */ = {isa = PBXBuildFile; fileRef = 0DEB285C280BA84A004B71C2 /* LaunchScreen.storyboard */; };
		0DEB2869280BA84A004B71C2 /* ButtonTapTests.swift in Sources */ = {isa = PBXBuildFile; fileRef = 0DEB2868280BA84A004B71C2 /* ButtonTapTests.swift */; };
		0DEB2873280BA84A004B71C2 /* ButtonTapUITests.swift in Sources */ = {isa = PBXBuildFile; fileRef = 0DEB2872280BA84A004B71C2 /* ButtonTapUITests.swift */; };
		0DEB2875280BA84A004B71C2 /* ButtonTapUITestsLaunchTests.swift in Sources */ = {isa = PBXBuildFile; fileRef = 0DEB2874280BA84A004B71C2 /* ButtonTapUITestsLaunchTests.swift */; };
/* End PBXBuildFile section */

/* Begin PBXContainerItemProxy section */
		0DEB2865280BA84A004B71C2 /* PBXContainerItemProxy */ = {
			isa = PBXContainerItemProxy;
			containerPortal = 0DEB2846280BA849004B71C2 /* Project object */;
			proxyType = 1;
			remoteGlobalIDString = 0DEB284D280BA849004B71C2;
			remoteInfo = ButtonTap;
		};
		0DEB286F280BA84A004B71C2 /* PBXContainerItemProxy */ = {
			isa = PBXContainerItemProxy;
			containerPortal = 0DEB2846280BA849004B71C2 /* Project object */;
			proxyType = 1;
			remoteGlobalIDString = 0DEB284D280BA849004B71C2;
			remoteInfo = ButtonTap;
		};
/* End PBXContainerItemProxy section */

/* Begin PBXFileReference section */
		0DEB284E280BA849004B71C2 /* ButtonTap.app */ = {isa = PBXFileReference; explicitFileType = wrapper.application; includeInIndex = 0; path = ButtonTap.app; sourceTree = BUILT_PRODUCTS_DIR; };
		0DEB2851280BA849004B71C2 /* AppDelegate.swift */ = {isa = PBXFileReference; lastKnownFileType = sourcecode.swift; path = AppDelegate.swift; sourceTree = "<group>"; };
		0DEB2853280BA849004B71C2 /* SceneDelegate.swift */ = {isa = PBXFileReference; lastKnownFileType = sourcecode.swift; path = SceneDelegate.swift; sourceTree = "<group>"; };
		0DEB2855280BA849004B71C2 /* ViewController.swift */ = {isa = PBXFileReference; lastKnownFileType = sourcecode.swift; path = ViewController.swift; sourceTree = "<group>"; };
		0DEB2858280BA849004B71C2 /* Base */ = {isa = PBXFileReference; lastKnownFileType = file.storyboard; name = Base; path = Base.lproj/Main.storyboard; sourceTree = "<group>"; };
		0DEB285A280BA84A004B71C2 /* Assets.xcassets */ = {isa = PBXFileReference; lastKnownFileType = folder.assetcatalog; path = Assets.xcassets; sourceTree = "<group>"; };
		0DEB285D280BA84A004B71C2 /* Base */ = {isa = PBXFileReference; lastKnownFileType = file.storyboard; name = Base; path = Base.lproj/LaunchScreen.storyboard; sourceTree = "<group>"; };
		0DEB285F280BA84A004B71C2 /* Info.plist */ = {isa = PBXFileReference; lastKnownFileType = text.plist.xml; path = Info.plist; sourceTree = "<group>"; };
		0DEB2864280BA84A004B71C2 /* ButtonTapTests.xctest */ = {isa = PBXFileReference; explicitFileType = wrapper.cfbundle; includeInIndex = 0; path = ButtonTapTests.xctest; sourceTree = BUILT_PRODUCTS_DIR; };
		0DEB2868280BA84A004B71C2 /* ButtonTapTests.swift */ = {isa = PBXFileReference; lastKnownFileType = sourcecode.swift; path = ButtonTapTests.swift; sourceTree = "<group>"; };
		0DEB286E280BA84A004B71C2 /* ButtonTapUITests.xctest */ = {isa = PBXFileReference; explicitFileType = wrapper.cfbundle; includeInIndex = 0; path = ButtonTapUITests.xctest; sourceTree = BUILT_PRODUCTS_DIR; };
		0DEB2872280BA84A004B71C2 /* ButtonTapUITests.swift */ = {isa = PBXFileReference; lastKnownFileType = sourcecode.swift; path = ButtonTapUITests.swift; sourceTree = "<group>"; };
		0DEB2874280BA84A004B71C2 /* ButtonTapUITestsLaunchTests.swift */ = {isa = PBXFileReference; lastKnownFileType = sourcecode.swift; path = ButtonTapUITestsLaunchTests.swift; sourceTree = "<group>"; };
/* End PBXFileReference section */

/* Begin PBXFrameworksBuildPhase section */
		0DEB284B280BA849004B71C2 /* Frameworks */ = {
			isa = PBXFrameworksBuildPhase;
			buildActionMask = 2147483647;
			files = (
			);
			runOnlyForDeploymentPostprocessing = 0;
		};
		0DEB2861280BA84A004B71C2 /* Frameworks */ = {
			isa = PBXFrameworksBuildPhase;
			buildActionMask = 2147483647;
			files = (
			);
			runOnlyForDeploymentPostprocessing = 0;
		};
		0DEB286B280BA84A004B71C2 /* Frameworks */ = {
			isa = PBXFrameworksBuildPhase;
			buildActionMask = 2147483647;
			files = (
			);
			runOnlyForDeploymentPostprocessing = 0;
		};
/* End PBXFrameworksBuildPhase section */

/* Begin PBXGroup section */
		0DEB2845280BA849004B71C2 = {
			isa = PBXGroup;
			children = (
				0DEB2850280BA849004B71C2 /* ButtonTap */,
				0DEB2867280BA84A004B71C2 /* ButtonTapTests */,
				0DEB2871280BA84A004B71C2 /* ButtonTapUITests */,
				0DEB284F280BA849004B71C2 /* Products */,
			);
			sourceTree = "<group>";
		};
		0DEB284F280BA849004B71C2 /* Products */ = {
			isa = PBXGroup;
			children = (
				0DEB284E280BA849004B71C2 /* ButtonTap.app */,
				0DEB2864280BA84A004B71C2 /* ButtonTapTests.xctest */,
				0DEB286E280BA84A004B71C2 /* ButtonTapUITests.xctest */,
			);
			name = Products;
			sourceTree = "<group>";
		};
		0DEB2850280BA849004B71C2 /* ButtonTap */ = {
			isa = PBXGroup;
			children = (
				0DEB2851280BA849004B71C2 /* AppDelegate.swift */,
				0DEB2853280BA849004B71C2 /* SceneDelegate.swift */,
				0DEB2855280BA849004B71C2 /* ViewController.swift */,
				0DEB2857280BA849004B71C2 /* Main.storyboard */,
				0DEB285A280BA84A004B71C2 /* Assets.xcassets */,
				0DEB285C280BA84A004B71C2 /* LaunchScreen.storyboard */,
				0DEB285F280BA84A004B71C2 /* Info.plist */,
			);
			path = ButtonTap;
			sourceTree = "<group>";
		};
		0DEB2867280BA84A004B71C2 /* ButtonTapTests */ = {
			isa = PBXGroup;
			children = (
				0DEB2868280BA84A004B71C2 /* ButtonTapTests.swift */,
			);
			path = ButtonTapTests;
			sourceTree = "<group>";
		};
		0DEB2871280BA84A004B71C2 /* ButtonTapUITests */ = {
			isa = PBXGroup;
			children = (
				0DEB2872280BA84A004B71C2 /* ButtonTapUITests.swift */,
				0DEB2874280BA84A004B71C2 /* ButtonTapUITestsLaunchTests.swift */,
			);
			path = ButtonTapUITests;
			sourceTree = "<group>";
		};
/* End PBXGroup section */

/* Begin PBXNativeTarget section */
		0DEB284D280BA849004B71C2 /* ButtonTap */ = {
			isa = PBXNativeTarget;
			buildConfigurationList = 0DEB2878280BA84A004B71C2 /* Build configuration list for PBXNativeTarget "ButtonTap" */;
			buildPhases = (
				0DEB284A280BA849004B71C2 /* Sources */,
				0DEB284B280BA849004B71C2 /* Frameworks */,
				0DEB284C280BA849004B71C2 /* Resources */,
			);
			buildRules = (
			);
			dependencies = (
			);
			name = ButtonTap;
			productName = ButtonTap;
			productReference = 0DEB284E280BA849004B71C2 /* ButtonTap.app */;
			productType = "com.apple.product-type.application";
		};
		0DEB2863280BA84A004B71C2 /* ButtonTapTests */ = {
			isa = PBXNativeTarget;
			buildConfigurationList = 0DEB287B280BA84A004B71C2 /* Build configuration list for PBXNativeTarget "ButtonTapTests" */;
			buildPhases = (
				0DEB2860280BA84A004B71C2 /* Sources */,
				0DEB2861280BA84A004B71C2 /* Frameworks */,
				0DEB2862280BA84A004B71C2 /* Resources */,
			);
			buildRules = (
			);
			dependencies = (
				0DEB2866280BA84A004B71C2 /* PBXTargetDependency */,
			);
			name = ButtonTapTests;
			productName = ButtonTapTests;
			productReference = 0DEB2864280BA84A004B71C2 /* ButtonTapTests.xctest */;
			productType = "com.apple.product-type.bundle.unit-test";
		};
		0DEB286D280BA84A004B71C2 /* ButtonTapUITests */ = {
			isa = PBXNativeTarget;
			buildConfigurationList = 0DEB287E280BA84A004B71C2 /* Build configuration list for PBXNativeTarget "ButtonTapUITests" */;
			buildPhases = (
				0DEB286A280BA84A004B71C2 /* Sources */,
				0DEB286B280BA84A004B71C2 /* Frameworks */,
				0DEB286C280BA84A004B71C2 /* Resources */,
			);
			buildRules = (
			);
			dependencies = (
				0DEB2870280BA84A004B71C2 /* PBXTargetDependency */,
			);
			name = ButtonTapUITests;
			productName = ButtonTapUITests;
			productReference = 0DEB286E280BA84A004B71C2 /* ButtonTapUITests.xctest */;
			productType = "com.apple.product-type.bundle.ui-testing";
		};
/* End PBXNativeTarget section */

/* Begin PBXProject section */
		0DEB2846280BA849004B71C2 /* Project object */ = {
			isa = PBXProject;
			attributes = {
				BuildIndependentTargetsInParallel = 1;
				LastSwiftUpdateCheck = 1310;
				LastUpgradeCheck = 1310;
				TargetAttributes = {
					0DEB284D280BA849004B71C2 = {
						CreatedOnToolsVersion = 13.1;
					};
					0DEB2863280BA84A004B71C2 = {
						CreatedOnToolsVersion = 13.1;
						TestTargetID = 0DEB284D280BA849004B71C2;
					};
					0DEB286D280BA84A004B71C2 = {
						CreatedOnToolsVersion = 13.1;
						TestTargetID = 0DEB284D280BA849004B71C2;
					};
				};
			};
			buildConfigurationList = 0DEB2849280BA849004B71C2 /* Build configuration list for PBXProject "ButtonTap" */;
			compatibilityVersion = "Xcode 13.0";
			developmentRegion = en;
			hasScannedForEncodings = 0;
			knownRegions = (
				en,
				Base,
			);
			mainGroup = 0DEB2845280BA849004B71C2;
			productRefGroup = 0DEB284F280BA849004B71C2 /* Products */;
			projectDirPath = "";
			projectRoot = "";
			targets = (
				0DEB284D280BA849004B71C2 /* ButtonTap */,
				0DEB2863280BA84A004B71C2 /* ButtonTapTests */,
				0DEB286D280BA84A004B71C2 /* ButtonTapUITests */,
			);
		};
/* End PBXProject section */

/* Begin PBXResourcesBuildPhase section */
		0DEB284C280BA849004B71C2 /* Resources */ = {
			isa = PBXResourcesBuildPhase;
			buildActionMask = 2147483647;
			files = (
				0DEB285E280BA84A004B71C2 /* LaunchScreen.storyboard in Resources */,
				0DEB285B280BA84A004B71C2 /* Assets.xcassets in Resources */,
				0DEB2859280BA849004B71C2 /* Main.storyboard in Resources */,
			);
			runOnlyForDeploymentPostprocessing = 0;
		};
		0DEB2862280BA84A004B71C2 /* Resources */ = {
			isa = PBXResourcesBuildPhase;
			buildActionMask = 2147483647;
			files = (
			);
			runOnlyForDeploymentPostprocessing = 0;
		};
		0DEB286C280BA84A004B71C2 /* Resources */ = {
			isa = PBXResourcesBuildPhase;
			buildActionMask = 2147483647;
			files = (
			);
			runOnlyForDeploymentPostprocessing = 0;
		};
/* End PBXResourcesBuildPhase section */

/* Begin PBXSourcesBuildPhase section */
		0DEB284A280BA849004B71C2 /* Sources */ = {
			isa = PBXSourcesBuildPhase;
			buildActionMask = 2147483647;
			files = (
				0DEB2856280BA849004B71C2 /* ViewController.swift in Sources */,
				0DEB2852280BA849004B71C2 /* AppDelegate.swift in Sources */,
				0DEB2854280BA849004B71C2 /* SceneDelegate.swift in Sources */,
			);
			runOnlyForDeploymentPostprocessing = 0;
		};
		0DEB2860280BA84A004B71C2 /* Sources */ = {
			isa = PBXSourcesBuildPhase;
			buildActionMask = 2147483647;
			files = (
				0DEB2869280BA84A004B71C2 /* ButtonTapTests.swift in Sources */,
			);
			runOnlyForDeploymentPostprocessing = 0;
		};
		0DEB286A280BA84A004B71C2 /* Sources */ = {
			isa = PBXSourcesBuildPhase;
			buildActionMask = 2147483647;
			files = (
				0DEB2875280BA84A004B71C2 /* ButtonTapUITestsLaunchTests.swift in Sources */,
				0DEB2873280BA84A004B71C2 /* ButtonTapUITests.swift in Sources */,
			);
			runOnlyForDeploymentPostprocessing = 0;
		};
/* End PBXSourcesBuildPhase section */

/* Begin PBXTargetDependency section */
		0DEB2866280BA84A004B71C2 /* PBXTargetDependency */ = {
			isa = PBXTargetDependency;
			target = 0DEB284D280BA849004B71C2 /* ButtonTap */;
			targetProxy = 0DEB2865280BA84A004B71C2 /* PBXContainerItemProxy */;
		};
		0DEB2870280BA84A004B71C2 /* PBXTargetDependency */ = {
			isa = PBXTargetDependency;
			target = 0DEB284D280BA849004B71C2 /* ButtonTap */;
			targetProxy = 0DEB286F280BA84A004B71C2 /* PBXContainerItemProxy */;
		};
/* End PBXTargetDependency section */

/* Begin PBXVariantGroup section */
		0DEB2857280BA849004B71C2 /* Main.storyboard */ = {
			isa = PBXVariantGroup;
			children = (
				0DEB2858280BA849004B71C2 /* Base */,
			);
			name = Main.storyboard;
			sourceTree = "<group>";
		};
		0DEB285C280BA84A004B71C2 /* LaunchScreen.storyboard */ = {
			isa = PBXVariantGroup;
			children = (
				0DEB285D280BA84A004B71C2 /* Base */,
			);
			name = LaunchScreen.storyboard;
			sourceTree = "<group>";
		};
/* End PBXVariantGroup section */

/* Begin XCBuildConfiguration section */
		0DEB2876280BA84A004B71C2 /* Debug */ = {
			isa = XCBuildConfiguration;
			buildSettings = {
				ALWAYS_SEARCH_USER_PATHS = NO;
				CLANG_ANALYZER_NONNULL = YES;
				CLANG_ANALYZER_NUMBER_OBJECT_CONVERSION = YES_AGGRESSIVE;
				CLANG_CXX_LANGUAGE_STANDARD = "gnu++17";
				CLANG_CXX_LIBRARY = "libc++";
				CLANG_ENABLE_MODULES = YES;
				CLANG_ENABLE_OBJC_ARC = YES;
				CLANG_ENABLE_OBJC_WEAK = YES;
				CLANG_WARN_BLOCK_CAPTURE_AUTORELEASING = YES;
				CLANG_WARN_BOOL_CONVERSION = YES;
				CLANG_WARN_COMMA = YES;
				CLANG_WARN_CONSTANT_CONVERSION = YES;
				CLANG_WARN_DEPRECATED_OBJC_IMPLEMENTATIONS = YES;
				CLANG_WARN_DIRECT_OBJC_ISA_USAGE = YES_ERROR;
				CLANG_WARN_DOCUMENTATION_COMMENTS = YES;
				CLANG_WARN_EMPTY_BODY = YES;
				CLANG_WARN_ENUM_CONVERSION = YES;
				CLANG_WARN_INFINITE_RECURSION = YES;
				CLANG_WARN_INT_CONVERSION = YES;
				CLANG_WARN_NON_LITERAL_NULL_CONVERSION = YES;
				CLANG_WARN_OBJC_IMPLICIT_RETAIN_SELF = YES;
				CLANG_WARN_OBJC_LITERAL_CONVERSION = YES;
				CLANG_WARN_OBJC_ROOT_CLASS = YES_ERROR;
				CLANG_WARN_QUOTED_INCLUDE_IN_FRAMEWORK_HEADER = YES;
				CLANG_WARN_RANGE_LOOP_ANALYSIS = YES;
				CLANG_WARN_STRICT_PROTOTYPES = YES;
				CLANG_WARN_SUSPICIOUS_MOVE = YES;
				CLANG_WARN_UNGUARDED_AVAILABILITY = YES_AGGRESSIVE;
				CLANG_WARN_UNREACHABLE_CODE = YES;
				CLANG_WARN__DUPLICATE_METHOD_MATCH = YES;
				COPY_PHASE_STRIP = NO;
				DEBUG_INFORMATION_FORMAT = dwarf;
				ENABLE_STRICT_OBJC_MSGSEND = YES;
				ENABLE_TESTABILITY = YES;
				GCC_C_LANGUAGE_STANDARD = gnu11;
				GCC_DYNAMIC_NO_PIC = NO;
				GCC_NO_COMMON_BLOCKS = YES;
				GCC_OPTIMIZATION_LEVEL = 0;
				GCC_PREPROCESSOR_DEFINITIONS = (
					"DEBUG=1",
					"$(inherited)",
				);
				GCC_WARN_64_TO_32_BIT_CONVERSION = YES;
				GCC_WARN_ABOUT_RETURN_TYPE = YES_ERROR;
				GCC_WARN_UNDECLARED_SELECTOR = YES;
				GCC_WARN_UNINITIALIZED_AUTOS = YES_AGGRESSIVE;
				GCC_WARN_UNUSED_FUNCTION = YES;
				GCC_WARN_UNUSED_VARIABLE = YES;
				IPHONEOS_DEPLOYMENT_TARGET = 15.0;
				MTL_ENABLE_DEBUG_INFO = INCLUDE_SOURCE;
				MTL_FAST_MATH = YES;
				ONLY_ACTIVE_ARCH = YES;
				SDKROOT = iphoneos;
				SWIFT_ACTIVE_COMPILATION_CONDITIONS = DEBUG;
				SWIFT_OPTIMIZATION_LEVEL = "-Onone";
			};
			name = Debug;
		};
		0DEB2877280BA84A004B71C2 /* Release */ = {
			isa = XCBuildConfiguration;
			buildSettings = {
				ALWAYS_SEARCH_USER_PATHS = NO;
				CLANG_ANALYZER_NONNULL = YES;
				CLANG_ANALYZER_NUMBER_OBJECT_CONVERSION = YES_AGGRESSIVE;
				CLANG_CXX_LANGUAGE_STANDARD = "gnu++17";
				CLANG_CXX_LIBRARY = "libc++";
				CLANG_ENABLE_MODULES = YES;
				CLANG_ENABLE_OBJC_ARC = YES;
				CLANG_ENABLE_OBJC_WEAK = YES;
				CLANG_WARN_BLOCK_CAPTURE_AUTORELEASING = YES;
				CLANG_WARN_BOOL_CONVERSION = YES;
				CLANG_WARN_COMMA = YES;
				CLANG_WARN_CONSTANT_CONVERSION = YES;
				CLANG_WARN_DEPRECATED_OBJC_IMPLEMENTATIONS = YES;
				CLANG_WARN_DIRECT_OBJC_ISA_USAGE = YES_ERROR;
				CLANG_WARN_DOCUMENTATION_COMMENTS = YES;
				CLANG_WARN_EMPTY_BODY = YES;
				CLANG_WARN_ENUM_CONVERSION = YES;
				CLANG_WARN_INFINITE_RECURSION = YES;
				CLANG_WARN_INT_CONVERSION = YES;
				CLANG_WARN_NON_LITERAL_NULL_CONVERSION = YES;
				CLANG_WARN_OBJC_IMPLICIT_RETAIN_SELF = YES;
				CLANG_WARN_OBJC_LITERAL_CONVERSION = YES;
				CLANG_WARN_OBJC_ROOT_CLASS = YES_ERROR;
				CLANG_WARN_QUOTED_INCLUDE_IN_FRAMEWORK_HEADER = YES;
				CLANG_WARN_RANGE_LOOP_ANALYSIS = YES;
				CLANG_WARN_STRICT_PROTOTYPES = YES;
				CLANG_WARN_SUSPICIOUS_MOVE = YES;
				CLANG_WARN_UNGUARDED_AVAILABILITY = YES_AGGRESSIVE;
				CLANG_WARN_UNREACHABLE_CODE = YES;
				CLANG_WARN__DUPLICATE_METHOD_MATCH = YES;
				COPY_PHASE_STRIP = NO;
				DEBUG_INFORMATION_FORMAT = "dwarf-with-dsym";
				ENABLE_NS_ASSERTIONS = NO;
				ENABLE_STRICT_OBJC_MSGSEND = YES;
				GCC_C_LANGUAGE_STANDARD = gnu11;
				GCC_NO_COMMON_BLOCKS = YES;
				GCC_WARN_64_TO_32_BIT_CONVERSION = YES;
				GCC_WARN_ABOUT_RETURN_TYPE = YES_ERROR;
				GCC_WARN_UNDECLARED_SELECTOR = YES;
				GCC_WARN_UNINITIALIZED_AUTOS = YES_AGGRESSIVE;
				GCC_WARN_UNUSED_FUNCTION = YES;
				GCC_WARN_UNUSED_VARIABLE = YES;
				IPHONEOS_DEPLOYMENT_TARGET = 15.0;
				MTL_ENABLE_DEBUG_INFO = NO;
				MTL_FAST_MATH = YES;
				SDKROOT = iphoneos;
				SWIFT_COMPILATION_MODE = wholemodule;
				SWIFT_OPTIMIZATION_LEVEL = "-O";
				VALIDATE_PRODUCT = YES;
			};
			name = Release;
		};
		0DEB2879280BA84A004B71C2 /* Debug */ = {
			isa = XCBuildConfiguration;
			buildSettings = {
				ASSETCATALOG_COMPILER_APPICON_NAME = AppIcon;
				ASSETCATALOG_COMPILER_GLOBAL_ACCENT_COLOR_NAME = AccentColor;
				CODE_SIGN_STYLE = Automatic;
				CURRENT_PROJECT_VERSION = 1;
				DEVELOPMENT_TEAM = 5L2PGYP5GB;
				GENERATE_INFOPLIST_FILE = YES;
				INFOPLIST_FILE = ButtonTap/Info.plist;
				INFOPLIST_KEY_UIApplicationSupportsIndirectInputEvents = YES;
				INFOPLIST_KEY_UILaunchStoryboardName = LaunchScreen;
				INFOPLIST_KEY_UIMainStoryboardFile = Main;
				INFOPLIST_KEY_UISupportedInterfaceOrientations_iPad = "UIInterfaceOrientationPortrait UIInterfaceOrientationPortraitUpsideDown UIInterfaceOrientationLandscapeLeft UIInterfaceOrientationLandscapeRight";
				INFOPLIST_KEY_UISupportedInterfaceOrientations_iPhone = "UIInterfaceOrientationPortrait UIInterfaceOrientationLandscapeLeft UIInterfaceOrientationLandscapeRight";
				LD_RUNPATH_SEARCH_PATHS = (
					"$(inherited)",
					"@executable_path/Frameworks",
				);
				MARKETING_VERSION = 1.0;
				PRODUCT_BUNDLE_IDENTIFIER = com.james.ButtonTap;
				PRODUCT_NAME = "$(TARGET_NAME)";
				SWIFT_EMIT_LOC_STRINGS = YES;
				SWIFT_VERSION = 5.0;
				TARGETED_DEVICE_FAMILY = "1,2";
			};
			name = Debug;
		};
		0DEB287A280BA84A004B71C2 /* Release */ = {
			isa = XCBuildConfiguration;
			buildSettings = {
				ASSETCATALOG_COMPILER_APPICON_NAME = AppIcon;
				ASSETCATALOG_COMPILER_GLOBAL_ACCENT_COLOR_NAME = AccentColor;
				CODE_SIGN_STYLE = Automatic;
				CURRENT_PROJECT_VERSION = 1;
				DEVELOPMENT_TEAM = 5L2PGYP5GB;
				GENERATE_INFOPLIST_FILE = YES;
				INFOPLIST_FILE = ButtonTap/Info.plist;
				INFOPLIST_KEY_UIApplicationSupportsIndirectInputEvents = YES;
				INFOPLIST_KEY_UILaunchStoryboardName = LaunchScreen;
				INFOPLIST_KEY_UIMainStoryboardFile = Main;
				INFOPLIST_KEY_UISupportedInterfaceOrientations_iPad = "UIInterfaceOrientationPortrait UIInterfaceOrientationPortraitUpsideDown UIInterfaceOrientationLandscapeLeft UIInterfaceOrientationLandscapeRight";
				INFOPLIST_KEY_UISupportedInterfaceOrientations_iPhone = "UIInterfaceOrientationPortrait UIInterfaceOrientationLandscapeLeft UIInterfaceOrientationLandscapeRight";
				LD_RUNPATH_SEARCH_PATHS = (
					"$(inherited)",
					"@executable_path/Frameworks",
				);
				MARKETING_VERSION = 1.0;
				PRODUCT_BUNDLE_IDENTIFIER = com.james.ButtonTap;
				PRODUCT_NAME = "$(TARGET_NAME)";
				SWIFT_EMIT_LOC_STRINGS = YES;
				SWIFT_VERSION = 5.0;
				TARGETED_DEVICE_FAMILY = "1,2";
			};
			name = Release;
		};
		0DEB287C280BA84A004B71C2 /* Debug */ = {
			isa = XCBuildConfiguration;
			buildSettings = {
				ALWAYS_EMBED_SWIFT_STANDARD_LIBRARIES = YES;
				BUNDLE_LOADER = "$(TEST_HOST)";
				CODE_SIGN_STYLE = Automatic;
				CURRENT_PROJECT_VERSION = 1;
				DEVELOPMENT_TEAM = 5L2PGYP5GB;
				GENERATE_INFOPLIST_FILE = YES;
				IPHONEOS_DEPLOYMENT_TARGET = 15.0;
				LD_RUNPATH_SEARCH_PATHS = (
					"$(inherited)",
					"@executable_path/Frameworks",
					"@loader_path/Frameworks",
				);
				MARKETING_VERSION = 1.0;
				PRODUCT_BUNDLE_IDENTIFIER = com.james.ButtonTapTests;
				PRODUCT_NAME = "$(TARGET_NAME)";
				SWIFT_EMIT_LOC_STRINGS = NO;
				SWIFT_VERSION = 5.0;
				TARGETED_DEVICE_FAMILY = "1,2";
				TEST_HOST = "$(BUILT_PRODUCTS_DIR)/ButtonTap.app/ButtonTap";
			};
			name = Debug;
		};
		0DEB287D280BA84A004B71C2 /* Release */ = {
			isa = XCBuildConfiguration;
			buildSettings = {
				ALWAYS_EMBED_SWIFT_STANDARD_LIBRARIES = YES;
				BUNDLE_LOADER = "$(TEST_HOST)";
				CODE_SIGN_STYLE = Automatic;
				CURRENT_PROJECT_VERSION = 1;
				DEVELOPMENT_TEAM = 5L2PGYP5GB;
				GENERATE_INFOPLIST_FILE = YES;
				IPHONEOS_DEPLOYMENT_TARGET = 15.0;
				LD_RUNPATH_SEARCH_PATHS = (
					"$(inherited)",
					"@executable_path/Frameworks",
					"@loader_path/Frameworks",
				);
				MARKETING_VERSION = 1.0;
				PRODUCT_BUNDLE_IDENTIFIER = com.james.ButtonTapTests;
				PRODUCT_NAME = "$(TARGET_NAME)";
				SWIFT_EMIT_LOC_STRINGS = NO;
				SWIFT_VERSION = 5.0;
				TARGETED_DEVICE_FAMILY = "1,2";
				TEST_HOST = "$(BUILT_PRODUCTS_DIR)/ButtonTap.app/ButtonTap";
			};
			name = Release;
		};
		0DEB287F280BA84A004B71C2 /* Debug */ = {
			isa = XCBuildConfiguration;
			buildSettings = {
				ALWAYS_EMBED_SWIFT_STANDARD_LIBRARIES = YES;
				CODE_SIGN_STYLE = Automatic;
				CURRENT_PROJECT_VERSION = 1;
				DEVELOPMENT_TEAM = 5L2PGYP5GB;
				GENERATE_INFOPLIST_FILE = YES;
				LD_RUNPATH_SEARCH_PATHS = (
					"$(inherited)",
					"@executable_path/Frameworks",
					"@loader_path/Frameworks",
				);
				MARKETING_VERSION = 1.0;
				PRODUCT_BUNDLE_IDENTIFIER = com.james.ButtonTapUITests;
				PRODUCT_NAME = "$(TARGET_NAME)";
				SWIFT_EMIT_LOC_STRINGS = NO;
				SWIFT_VERSION = 5.0;
				TARGETED_DEVICE_FAMILY = "1,2";
				TEST_TARGET_NAME = ButtonTap;
			};
			name = Debug;
		};
		0DEB2880280BA84A004B71C2 /* Release */ = {
			isa = XCBuildConfiguration;
			buildSettings = {
				ALWAYS_EMBED_SWIFT_STANDARD_LIBRARIES = YES;
				CODE_SIGN_STYLE = Automatic;
				CURRENT_PROJECT_VERSION = 1;
				DEVELOPMENT_TEAM = 5L2PGYP5GB;
				GENERATE_INFOPLIST_FILE = YES;
				LD_RUNPATH_SEARCH_PATHS = (
					"$(inherited)",
					"@executable_path/Frameworks",
					"@loader_path/Frameworks",
				);
				MARKETING_VERSION = 1.0;
				PRODUCT_BUNDLE_IDENTIFIER = com.james.ButtonTapUITests;
				PRODUCT_NAME = "$(TARGET_NAME)";
				SWIFT_EMIT_LOC_STRINGS = NO;
				SWIFT_VERSION = 5.0;
				TARGETED_DEVICE_FAMILY = "1,2";
				TEST_TARGET_NAME = ButtonTap;
			};
			name = Release;
		};
/* End XCBuildConfiguration section */

/* Begin XCConfigurationList section */
		0DEB2849280BA849004B71C2 /* Build configuration list for PBXProject "ButtonTap" */ = {
			isa = XCConfigurationList;
			buildConfigurations = (
				0DEB2876280BA84A004B71C2 /* Debug */,
				0DEB2877280BA84A004B71C2 /* Release */,
			);
			defaultConfigurationIsVisible = 0;
			defaultConfigurationName = Release;
		};
		0DEB2878280BA84A004B71C2 /* Build configuration list for PBXNativeTarget "ButtonTap" */ = {
			isa = XCConfigurationList;
			buildConfigurations = (
				0DEB2879280BA84A004B71C2 /* Debug */,
				0DEB287A280BA84A004B71C2 /* Release */,
			);
			defaultConfigurationIsVisible = 0;
			defaultConfigurationName = Release;
		};
		0DEB287B280BA84A004B71C2 /* Build configuration list for PBXNativeTarget "ButtonTapTests" */ = {
			isa = XCConfigurationList;
			buildConfigurations = (
				0DEB287C280BA84A004B71C2 /* Debug */,
				0DEB287D280BA84A004B71C2 /* Release */,
			);
			defaultConfigurationIsVisible = 0;
			defaultConfigurationName = Release;
		};
		0DEB287E280BA84A004B71C2 /* Build configuration list for PBXNativeTarget "ButtonTapUITests" */ = {
			isa = XCConfigurationList;
			buildConfigurations = (
				0DEB287F280BA84A004B71C2 /* Debug */,
				0DEB2880280BA84A004B71C2 /* Release */,
			);
			defaultConfigurationIsVisible = 0;
			defaultConfigurationName = Release;
		};
/* End XCConfigurationList section */
	};
	rootObject = 0DEB2846280BA849004B71C2 /* Project object */;
}
